
Microsoft Visual Studio Solution File, Format Version 12.00
# Visual Studio Version 17
VisualStudioVersion = 17.9.34728.123
MinimumVisualStudioVersion = 10.0.40219.1
Project("{FAE04EC0-301F-11D3-BF4B-00C04F79EFBC}") = "NumerosPrimos", "NumerosPrimos\NumerosPrimos.csproj", "{C9246696-2558-400B-B30D-D0C9FF6BB0FB}"
EndProject
Global
	GlobalSection(SolutionConfigurationPlatforms) = preSolution
		Debug|Any CPU = Debug|Any CPU
		Release|Any CPU = Release|Any CPU
	EndGlobalSection
	GlobalSection(ProjectConfigurationPlatforms) = postSolution
		{C9246696-2558-400B-B30D-D0C9FF6BB0FB}.Debug|Any CPU.ActiveCfg = Debug|Any CPU
		{C9246696-2558-400B-B30D-D0C9FF6BB0FB}.Debug|Any CPU.Build.0 = Debug|Any CPU
		{C9246696-2558-400B-B30D-D0C9FF6BB0FB}.Release|Any CPU.ActiveCfg = Release|Any CPU
		{C9246696-2558-400B-B30D-D0C9FF6BB0FB}.Release|Any CPU.Build.0 = Release|Any CPU
	EndGlobalSection
	GlobalSection(SolutionProperties) = preSolution
		HideSolutionNode = FALSE
	EndGlobalSection
	GlobalSection(ExtensibilityGlobals) = postSolution
		SolutionGuid = {682DCEF0-F97D-43FA-BAFA-EBADD9DBC53D}
	EndGlobalSection
EndGlobal
